
Microsoft Visual Studio Solution File, Format Version 12.00
# Visual Studio 14
VisualStudioVersion = 14.0.25420.1
MinimumVisualStudioVersion = 10.0.40219.1
Project("{FAE04EC0-301F-11D3-BF4B-00C04F79EFBC}") = "SQLiteUWPTest2", "SQLiteUWPTest2\SQLiteUWPTest2.csproj", "{725D2D0F-1E17-4A9D-B5D7-42E2FECBCEAB}"
EndProject
Project("{FAE04EC0-301F-11D3-BF4B-00C04F79EFBC}") = "Test3", "Test3\Test3.csproj", "{20423FF3-4159-401F-ADB5-895B5B9C5BEE}"
EndProject
Project("{FAE04EC0-301F-11D3-BF4B-00C04F79EFBC}") = "SqlPrac4", "SqlPrac4\SqlPrac4.csproj", "{72A20B7E-0B0A-492C-AAB7-2308D68BCDE1}"
EndProject
Global
	GlobalSection(SolutionConfigurationPlatforms) = preSolution
		Debug|ARM = Debug|ARM
		Debug|x64 = Debug|x64
		Debug|x86 = Debug|x86
		Release|ARM = Release|ARM
		Release|x64 = Release|x64
		Release|x86 = Release|x86
	EndGlobalSection
	GlobalSection(ProjectConfigurationPlatforms) = postSolution
		{725D2D0F-1E17-4A9D-B5D7-42E2FECBCEAB}.Debug|ARM.ActiveCfg = Debug|ARM
		{725D2D0F-1E17-4A9D-B5D7-42E2FECBCEAB}.Debug|ARM.Build.0 = Debug|ARM
		{725D2D0F-1E17-4A9D-B5D7-42E2FECBCEAB}.Debug|ARM.Deploy.0 = Debug|ARM
		{725D2D0F-1E17-4A9D-B5D7-42E2FECBCEAB}.Debug|x64.ActiveCfg = Debug|x64
		{725D2D0F-1E17-4A9D-B5D7-42E2FECBCEAB}.Debug|x64.Build.0 = Debug|x64
		{725D2D0F-1E17-4A9D-B5D7-42E2FECBCEAB}.Debug|x64.Deploy.0 = Debug|x64
		{725D2D0F-1E17-4A9D-B5D7-42E2FECBCEAB}.Debug|x86.ActiveCfg = Debug|x86
		{725D2D0F-1E17-4A9D-B5D7-42E2FECBCEAB}.Debug|x86.Build.0 = Debug|x86
		{725D2D0F-1E17-4A9D-B5D7-42E2FECBCEAB}.Debug|x86.Deploy.0 = Debug|x86
		{725D2D0F-1E17-4A9D-B5D7-42E2FECBCEAB}.Release|ARM.ActiveCfg = Release|ARM
		{725D2D0F-1E17-4A9D-B5D7-42E2FECBCEAB}.Release|ARM.Build.0 = Release|ARM
		{725D2D0F-1E17-4A9D-B5D7-42E2FECBCEAB}.Release|ARM.Deploy.0 = Release|ARM
		{725D2D0F-1E17-4A9D-B5D7-42E2FECBCEAB}.Release|x64.ActiveCfg = Release|x64
		{725D2D0F-1E17-4A9D-B5D7-42E2FECBCEAB}.Release|x64.Build.0 = Release|x64
		{725D2D0F-1E17-4A9D-B5D7-42E2FECBCEAB}.Release|x64.Deploy.0 = Release|x64
		{725D2D0F-1E17-4A9D-B5D7-42E2FECBCEAB}.Release|x86.ActiveCfg = Release|x86
		{725D2D0F-1E17-4A9D-B5D7-42E2FECBCEAB}.Release|x86.Build.0 = Release|x86
		{725D2D0F-1E17-4A9D-B5D7-42E2FECBCEAB}.Release|x86.Deploy.0 = Release|x86
		{20423FF3-4159-401F-ADB5-895B5B9C5BEE}.Debug|ARM.ActiveCfg = Debug|ARM
		{20423FF3-4159-401F-ADB5-895B5B9C5BEE}.Debug|ARM.Build.0 = Debug|ARM
		{20423FF3-4159-401F-ADB5-895B5B9C5BEE}.Debug|ARM.Deploy.0 = Debug|ARM
		{20423FF3-4159-401F-ADB5-895B5B9C5BEE}.Debug|x64.ActiveCfg = Debug|x64
		{20423FF3-4159-401F-ADB5-895B5B9C5BEE}.Debug|x64.Build.0 = Debug|x64
		{20423FF3-4159-401F-ADB5-895B5B9C5BEE}.Debug|x64.Deploy.0 = Debug|x64
		{20423FF3-4159-401F-ADB5-895B5B9C5BEE}.Debug|x86.ActiveCfg = Debug|x86
		{20423FF3-4159-401F-ADB5-895B5B9C5BEE}.Debug|x86.Build.0 = Debug|x86
		{20423FF3-4159-401F-ADB5-895B5B9C5BEE}.Debug|x86.Deploy.0 = Debug|x86
		{20423FF3-4159-401F-ADB5-895B5B9C5BEE}.Release|ARM.ActiveCfg = Release|ARM
		{20423FF3-4159-401F-ADB5-895B5B9C5BEE}.Release|ARM.Build.0 = Release|ARM
		{20423FF3-4159-401F-ADB5-895B5B9C5BEE}.Release|ARM.Deploy.0 = Release|ARM
		{20423FF3-4159-401F-ADB5-895B5B9C5BEE}.Release|x64.ActiveCfg = Release|x64
		{20423FF3-4159-401F-ADB5-895B5B9C5BEE}.Release|x64.Build.0 = Release|x64
		{20423FF3-4159-401F-ADB5-895B5B9C5BEE}.Release|x64.Deploy.0 = Release|x64
		{20423FF3-4159-401F-ADB5-895B5B9C5BEE}.Release|x86.ActiveCfg = Release|x86
		{20423FF3-4159-401F-ADB5-895B5B9C5BEE}.Release|x86.Build.0 = Release|x86
		{20423FF3-4159-401F-ADB5-895B5B9C5BEE}.Release|x86.Deploy.0 = Release|x86
		{72A20B7E-0B0A-492C-AAB7-2308D68BCDE1}.Debug|ARM.ActiveCfg = Debug|ARM
		{72A20B7E-0B0A-492C-AAB7-2308D68BCDE1}.Debug|ARM.Build.0 = Debug|ARM
		{72A20B7E-0B0A-492C-AAB7-2308D68BCDE1}.Debug|ARM.Deploy.0 = Debug|ARM
		{72A20B7E-0B0A-492C-AAB7-2308D68BCDE1}.Debug|x64.ActiveCfg = Debug|x64
		{72A20B7E-0B0A-492C-AAB7-2308D68BCDE1}.Debug|x64.Build.0 = Debug|x64
		{72A20B7E-0B0A-492C-AAB7-2308D68BCDE1}.Debug|x64.Deploy.0 = Debug|x64
		{72A20B7E-0B0A-492C-AAB7-2308D68BCDE1}.Debug|x86.ActiveCfg = Debug|x86
		{72A20B7E-0B0A-492C-AAB7-2308D68BCDE1}.Debug|x86.Build.0 = Debug|x86
		{72A20B7E-0B0A-492C-AAB7-2308D68BCDE1}.Debug|x86.Deploy.0 = Debug|x86
		{72A20B7E-0B0A-492C-AAB7-2308D68BCDE1}.Release|ARM.ActiveCfg = Release|ARM
		{72A20B7E-0B0A-492C-AAB7-2308D68BCDE1}.Release|ARM.Build.0 = Release|ARM
		{72A20B7E-0B0A-492C-AAB7-2308D68BCDE1}.Release|ARM.Deploy.0 = Release|ARM
		{72A20B7E-0B0A-492C-AAB7-2308D68BCDE1}.Release|x64.ActiveCfg = Release|x64
		{72A20B7E-0B0A-492C-AAB7-2308D68BCDE1}.Release|x64.Build.0 = Release|x64
		{72A20B7E-0B0A-492C-AAB7-2308D68BCDE1}.Release|x64.Deploy.0 = Release|x64
		{72A20B7E-0B0A-492C-AAB7-2308D68BCDE1}.Release|x86.ActiveCfg = Release|x86
		{72A20B7E-0B0A-492C-AAB7-2308D68BCDE1}.Release|x86.Build.0 = Release|x86
		{72A20B7E-0B0A-492C-AAB7-2308D68BCDE1}.Release|x86.Deploy.0 = Release|x86
	EndGlobalSection
	GlobalSection(SolutionProperties) = preSolution
		HideSolutionNode = FALSE
	EndGlobalSection
EndGlobal
